
Microsoft Visual Studio Solution File, Format Version 12.00
# Visual Studio 15
VisualStudioVersion = 15.0.26228.9
MinimumVisualStudioVersion = 10.0.40219.1
Project("{FAE04EC0-301F-11D3-BF4B-00C04F79EFBC}") = "Front-End", "Front-End\Front-End.csproj", "{8F3B2D20-7BE6-4406-B2ED-83D16FA81EFA}"
EndProject
Project("{FAE04EC0-301F-11D3-BF4B-00C04F79EFBC}") = "Engine", "Engine\Engine.csproj", "{276F2A43-9A72-4044-85AE-0900FBFEFBE1}"
EndProject
Project("{FAE04EC0-301F-11D3-BF4B-00C04F79EFBC}") = "Engine.Tests", "Engine.Tests\Engine.Tests.csproj", "{569AC2E1-DDCE-4428-889F-00D095570D26}"
EndProject
Project("{FAE04EC0-301F-11D3-BF4B-00C04F79EFBC}") = "EngineTests1", "EngineTests1\EngineTests1.csproj", "{DDB04EA0-8ED6-459F-853D-12911C9CC57E}"
EndProject
Global
	GlobalSection(SolutionConfigurationPlatforms) = preSolution
		Debug|Any CPU = Debug|Any CPU
		Release|Any CPU = Release|Any CPU
	EndGlobalSection
	GlobalSection(ProjectConfigurationPlatforms) = postSolution
		{8F3B2D20-7BE6-4406-B2ED-83D16FA81EFA}.Debug|Any CPU.ActiveCfg = Debug|Any CPU
		{8F3B2D20-7BE6-4406-B2ED-83D16FA81EFA}.Debug|Any CPU.Build.0 = Debug|Any CPU
		{8F3B2D20-7BE6-4406-B2ED-83D16FA81EFA}.Release|Any CPU.ActiveCfg = Release|Any CPU
		{8F3B2D20-7BE6-4406-B2ED-83D16FA81EFA}.Release|Any CPU.Build.0 = Release|Any CPU
		{276F2A43-9A72-4044-85AE-0900FBFEFBE1}.Debug|Any CPU.ActiveCfg = Debug|Any CPU
		{276F2A43-9A72-4044-85AE-0900FBFEFBE1}.Debug|Any CPU.Build.0 = Debug|Any CPU
		{276F2A43-9A72-4044-85AE-0900FBFEFBE1}.Release|Any CPU.ActiveCfg = Release|Any CPU
		{276F2A43-9A72-4044-85AE-0900FBFEFBE1}.Release|Any CPU.Build.0 = Release|Any CPU
		{569AC2E1-DDCE-4428-889F-00D095570D26}.Debug|Any CPU.ActiveCfg = Debug|Any CPU
		{569AC2E1-DDCE-4428-889F-00D095570D26}.Debug|Any CPU.Build.0 = Debug|Any CPU
		{569AC2E1-DDCE-4428-889F-00D095570D26}.Release|Any CPU.ActiveCfg = Release|Any CPU
		{569AC2E1-DDCE-4428-889F-00D095570D26}.Release|Any CPU.Build.0 = Release|Any CPU
		{DDB04EA0-8ED6-459F-853D-12911C9CC57E}.Debug|Any CPU.ActiveCfg = Debug|Any CPU
		{DDB04EA0-8ED6-459F-853D-12911C9CC57E}.Debug|Any CPU.Build.0 = Debug|Any CPU
		{DDB04EA0-8ED6-459F-853D-12911C9CC57E}.Release|Any CPU.ActiveCfg = Release|Any CPU
		{DDB04EA0-8ED6-459F-853D-12911C9CC57E}.Release|Any CPU.Build.0 = Release|Any CPU
	EndGlobalSection
	GlobalSection(SolutionProperties) = preSolution
		HideSolutionNode = FALSE
	EndGlobalSection
EndGlobal
