
Microsoft Visual Studio Solution File, Format Version 12.00
# Visual Studio 15
VisualStudioVersion = 15.0.26430.16
MinimumVisualStudioVersion = 10.0.40219.1
Project("{9A19103F-16F7-4668-BE54-9A1E7A4F7556}") = "Engine", "Engine\Engine.csproj", "{BD66DCC6-1E5B-4405-B4ED-6440087BCE6A}"
EndProject
Project("{FAE04EC0-301F-11D3-BF4B-00C04F79EFBC}") = "Front-End", "Front-End\Front-End.csproj", "{8F3B2D20-7BE6-4406-B2ED-83D16FA81EFA}"
EndProject
Project("{9A19103F-16F7-4668-BE54-9A1E7A4F7556}") = "Engine.Tests", "Engine.Tests\Engine.Tests.csproj", "{AADE27C4-5628-4B4E-AE74-93D06E4C2E52}"
EndProject
Global
	GlobalSection(SolutionConfigurationPlatforms) = preSolution
		Debug|Any CPU = Debug|Any CPU
		Release|Any CPU = Release|Any CPU
	EndGlobalSection
	GlobalSection(ProjectConfigurationPlatforms) = postSolution
		{BD66DCC6-1E5B-4405-B4ED-6440087BCE6A}.Debug|Any CPU.ActiveCfg = Debug|Any CPU
		{BD66DCC6-1E5B-4405-B4ED-6440087BCE6A}.Debug|Any CPU.Build.0 = Debug|Any CPU
		{BD66DCC6-1E5B-4405-B4ED-6440087BCE6A}.Release|Any CPU.ActiveCfg = Release|Any CPU
		{BD66DCC6-1E5B-4405-B4ED-6440087BCE6A}.Release|Any CPU.Build.0 = Release|Any CPU
		{8F3B2D20-7BE6-4406-B2ED-83D16FA81EFA}.Debug|Any CPU.ActiveCfg = Debug|Any CPU
		{8F3B2D20-7BE6-4406-B2ED-83D16FA81EFA}.Debug|Any CPU.Build.0 = Debug|Any CPU
		{8F3B2D20-7BE6-4406-B2ED-83D16FA81EFA}.Release|Any CPU.ActiveCfg = Release|Any CPU
		{8F3B2D20-7BE6-4406-B2ED-83D16FA81EFA}.Release|Any CPU.Build.0 = Release|Any CPU
		{AADE27C4-5628-4B4E-AE74-93D06E4C2E52}.Debug|Any CPU.ActiveCfg = Debug|Any CPU
		{AADE27C4-5628-4B4E-AE74-93D06E4C2E52}.Debug|Any CPU.Build.0 = Debug|Any CPU
		{AADE27C4-5628-4B4E-AE74-93D06E4C2E52}.Release|Any CPU.ActiveCfg = Release|Any CPU
		{AADE27C4-5628-4B4E-AE74-93D06E4C2E52}.Release|Any CPU.Build.0 = Release|Any CPU
	EndGlobalSection
	GlobalSection(SolutionProperties) = preSolution
		HideSolutionNode = FALSE
	EndGlobalSection
EndGlobal
